
Microsoft Visual Studio Solution File, Format Version 12.00
# Visual Studio Version 17
VisualStudioVersion = 17.5.002.0
MinimumVisualStudioVersion = 10.0.40219.1
Project("{9A19103F-16F7-4668-BE54-9A1E7A4F7556}") = "pbi-docs", "pbi-docs.csproj", "{8B31E330-0AF0-4126-9598-328D9D6D991C}"
EndProject
Global
	GlobalSection(SolutionConfigurationPlatforms) = preSolution
		Debug|Any CPU = Debug|Any CPU
		Release|Any CPU = Release|Any CPU
	EndGlobalSection
	GlobalSection(ProjectConfigurationPlatforms) = postSolution
		{8B31E330-0AF0-4126-9598-328D9D6D991C}.Debug|Any CPU.ActiveCfg = Debug|Any CPU
		{8B31E330-0AF0-4126-9598-328D9D6D991C}.Debug|Any CPU.Build.0 = Debug|Any CPU
		{8B31E330-0AF0-4126-9598-328D9D6D991C}.Release|Any CPU.ActiveCfg = Release|Any CPU
		{8B31E330-0AF0-4126-9598-328D9D6D991C}.Release|Any CPU.Build.0 = Release|Any CPU
	EndGlobalSection
	GlobalSection(SolutionProperties) = preSolution
		HideSolutionNode = FALSE
	EndGlobalSection
	GlobalSection(ExtensibilityGlobals) = postSolution
		SolutionGuid = {117CDABB-3421-407E-ADEC-D25DD1985C26}
	EndGlobalSection
EndGlobal
